
Microsoft Visual Studio Solution File, Format Version 12.00
# Visual Studio 2013
VisualStudioVersion = 12.0.31101.0
MinimumVisualStudioVersion = 10.0.40219.1
Project("{FAE04EC0-301F-11D3-BF4B-00C04F79EFBC}") = "MvCMovie", "MvCMovie\MvCMovie.csproj", "{79232934-4BFD-4D98-B0B2-FC0D4145A367}"
EndProject
Global
	GlobalSection(SolutionConfigurationPlatforms) = preSolution
		Debug|Any CPU = Debug|Any CPU
		Release|Any CPU = Release|Any CPU
	EndGlobalSection
	GlobalSection(ProjectConfigurationPlatforms) = postSolution
		{79232934-4BFD-4D98-B0B2-FC0D4145A367}.Debug|Any CPU.ActiveCfg = Debug|Any CPU
		{79232934-4BFD-4D98-B0B2-FC0D4145A367}.Debug|Any CPU.Build.0 = Debug|Any CPU
		{79232934-4BFD-4D98-B0B2-FC0D4145A367}.Release|Any CPU.ActiveCfg = Release|Any CPU
		{79232934-4BFD-4D98-B0B2-FC0D4145A367}.Release|Any CPU.Build.0 = Release|Any CPU
	EndGlobalSection
	GlobalSection(SolutionProperties) = preSolution
		HideSolutionNode = FALSE
	EndGlobalSection
EndGlobal
